hash: a6f900b0329241407a994705a2b15bbc67d4a5dcd3c949dd93b68096ff36bc07
updated: 2019-03-04T19:41:48.130789+09:00
imports:
- name: github.com/mitchellh/go-homedir
  version: af06845cf3004701891bf4fdb884bfe4920b3727
- name: github.com/mithrandie/go-file
  version: 2066c60a29ce10d93467df8bb519d8e8668d4c2e
- name: github.com/mithrandie/go-text
  version: cabdadc7dc403b8a644638d5e5a88b09749c31d0
  subpackages:
  - color
  - csv
  - fixedlen
  - json
  - ltsv
  - table
- name: github.com/mithrandie/readline-csvq
  version: 5f4c5167922601481e6021209e66439759ea88f8
- name: github.com/mithrandie/ternary
  version: a21bbf9aa7eb3b2102af2c54588fc5280f6670f7
- name: github.com/urfave/cli
  version: cfb38830724cc34fedffe9a2a29fb54fa9169cd1
- name: golang.org/x/crypto
  version: 8dd112bcdc25174059e45e07517d9fc663123347
  subpackages:
  - ssh/terminal
- name: golang.org/x/sys
  version: c2f5717e611cf8e89a852a41081355194d80c943
  subpackages:
  - unix
  - windows
- name: golang.org/x/text
  version: d14c52b222ee852cdba8b07206ca0c614b389876
  subpackages:
  - encoding
  - encoding/internal
  - encoding/internal/identifier
  - encoding/japanese
  - transform
testImports: []
