hash: 1890147f4ca3181f6ddc2f96161bc3f5bc0888dc4681b11a924100039aa55894
updated: 2019-03-14T16:23:27.817769+09:00
imports:
- name: github.com/mitchellh/go-homedir
  version: af06845cf3004701891bf4fdb884bfe4920b3727
- name: github.com/mithrandie/go-file
  version: 326bf786e0d7109ce49f26a6e3250ba375035c0d
- name: github.com/mithrandie/go-text
  version: db8ffcc58137bfeacc6d79799220c3bc0fb29f6b
  subpackages:
  - color
  - csv
  - fixedlen
  - json
  - ltsv
  - table
- name: github.com/mithrandie/readline-csvq
  version: 5f4c5167922601481e6021209e66439759ea88f8
- name: github.com/mithrandie/ternary
  version: a21bbf9aa7eb3b2102af2c54588fc5280f6670f7
- name: github.com/urfave/cli
  version: cfb38830724cc34fedffe9a2a29fb54fa9169cd1
- name: golang.org/x/crypto
  version: a1f597ede03a7bef967a422b5b3a5bd08805a01e
  subpackages:
  - ssh/terminal
- name: golang.org/x/sys
  version: fead79001313d15903fb4605b4a1b781532cd93e
  subpackages:
  - unix
  - windows
- name: golang.org/x/text
  version: 5d731a35f4867878fc89f7744f7b6debb3beded6
  subpackages:
  - encoding
  - encoding/internal
  - encoding/internal/identifier
  - encoding/japanese
  - transform
testImports: []
