hash: d263b0df66bc5f357b30ec5445153b26d0d599249792884c04626bee73283db2
updated: 2018-11-13T14:55:20.371973+09:00
imports:
- name: github.com/chzyer/readline
  version: 62c6fe6193755f722b8b8788aa7357be55a50ff1
- name: github.com/mitchellh/go-homedir
  version: ae18d6b8b3205b561c79e8e5f69bff09736185f4
- name: github.com/mithrandie/go-file
  version: 2066c60a29ce10d93467df8bb519d8e8668d4c2e
- name: github.com/mithrandie/go-text
  version: e87a7a805d198d6b4cb6a874a4ba1ec7f789aa67
  subpackages:
  - color
  - csv
  - fixedlen
  - json
  - table
- name: github.com/mithrandie/ternary
  version: a21bbf9aa7eb3b2102af2c54588fc5280f6670f7
- name: github.com/urfave/cli
  version: cfb38830724cc34fedffe9a2a29fb54fa9169cd1
- name: golang.org/x/crypto
  version: 3d3f9f413869b949e48070b5bc593aa22cc2b8f2
  subpackages:
  - ssh/terminal
- name: golang.org/x/sys
  version: 66b7b1311ac80bbafcd2daeef9a5e6e2cd1e2399
  subpackages:
  - unix
  - windows
- name: golang.org/x/text
  version: 6f44c5a2ea40ee3593d98cdcc905cc1fdaa660e2
  subpackages:
  - encoding
  - encoding/internal
  - encoding/internal/identifier
  - encoding/japanese
  - transform
testImports: []
