github.com/chzyer/readline v0.0.0-20160726135117-62c6fe619375 h1:JVe1zduaiPlSLOuQcU/MqRJkBbWRPsjdW48+20AtJXM=
github.com/chzyer/readline v0.0.0-20160726135117-62c6fe619375/go.mod h1:nSuG5e5PlCu98SY8svDHJxuZscDgtXS6KTTbou5AhLI=
github.com/mitchellh/go-homedir v1.0.0 h1:vKb8ShqSby24Yrqr/yDYkuFz8d0WUjys40rvnGC8aR0=
github.com/mitchellh/go-homedir v1.0.0/go.mod h1:SfyaCUpYCn1Vlf4IUYiD9fPX4A5wJrkLzIz1N1q0pr0=
github.com/mithrandie/go-file v1.1.0 h1:XtPgw6ureMfrHytkyE7FBX12smfz7+8PWZD8wHgQFns=
github.com/mithrandie/go-file v1.1.0/go.mod h1:9dZVuG483umReJ+yxSZIsgsfPC2MWuztzEpkyPL8ma4=
github.com/mithrandie/go-text v0.0.5 h1:AWIPlHIy09WXkvmH4b8YbuMBxQcnEI8L+fexgkeXpyk=
github.com/mithrandie/go-text v0.0.5/go.mod h1:YLvRM8Joe+DAwO6fj2/gUxjBj4qRVIHRNJyauZ6G68Q=
github.com/mithrandie/go-text v1.0.0 h1:ntifX/vP6g+urp+gK7mlP/nd5FFv19ttZsnxzV9q1lo=
github.com/mithrandie/go-text v1.0.0/go.mod h1:YLvRM8Joe+DAwO6fj2/gUxjBj4qRVIHRNJyauZ6G68Q=
github.com/mithrandie/go-text v1.0.1 h1:8YnL+u8o9eR8mO6Iy6aiiCZ3ctDIvspjspAc0nshBFg=
github.com/mithrandie/go-text v1.0.1/go.mod h1:YLvRM8Joe+DAwO6fj2/gUxjBj4qRVIHRNJyauZ6G68Q=
github.com/mithrandie/go-text v1.0.2 h1:KvnZyBELg45Xg85mQ6IjlOMKEEkI1joYP5/YIi0dM0E=
github.com/mithrandie/go-text v1.0.2/go.mod h1:YLvRM8Joe+DAwO6fj2/gUxjBj4qRVIHRNJyauZ6G68Q=
github.com/mithrandie/go-text v1.0.3 h1:GhGR5pf5XoRE/hT/9s7gkndpFzVfWUadxdLN4I0VyYY=
github.com/mithrandie/go-text v1.0.3/go.mod h1:YLvRM8Joe+DAwO6fj2/gUxjBj4qRVIHRNJyauZ6G68Q=
github.com/mithrandie/ternary v1.1.0 h1:BlN8EoTsIYjhuWkfXHrh7+G+/Y0VvvWGVVldyjNH2VU=
github.com/mithrandie/ternary v1.1.0/go.mod h1:0D9Ba3+09K2TdSZO7/bFCC0GjSXetCvYuYq0u8FY/1g=
github.com/urfave/cli v1.20.0 h1:fDqGv3UG/4jbVl/QkFwEdddtEDjh/5Ov6X+0B/3bPaw=
github.com/urfave/cli v1.20.0/go.mod h1:70zkFmudgCuE/ngEzBv17Jvp/497gISqfk5gWijbERA=
golang.org/x/crypto v0.0.0-20181112202954-3d3f9f413869 h1:kkXA53yGe04D0adEYJwEVQjeBppL01Exg+fnMjfUraU=
golang.org/x/crypto v0.0.0-20181112202954-3d3f9f413869/go.mod h1:6SG95UA2DQfeDnfUPMdvaQW0Q7yPrPDi9nlGo2tz2b4=
golang.org/x/sys v0.0.0-20181107165924-66b7b1311ac8 h1:YoY1wS6JYVRpIfFngRf2HHo9R9dAne3xbkGOQ5rJXjU=
golang.org/x/sys v0.0.0-20181107165924-66b7b1311ac8/go.mod h1:STP8DvDyc/dI5b8T5hshtkjS+E42TnysNCUPdjciGhY=
golang.org/x/text v0.3.0 h1:g61tztE5qeGQ89tm6NTjjM9VPIm088od1l6aSorWRWg=
golang.org/x/text v0.3.0/go.mod h1:NqM8EUOU14njkJ3fqMW+pc6Ldnwhi/IjpwHt7yyuwOQ=
